
Microsoft Visual Studio Solution File, Format Version 12.00
# Visual Studio 14
VisualStudioVersion = 14.0.25123.0
MinimumVisualStudioVersion = 10.0.40219.1
Project("{CC5FD16D-436D-48AD-A40C-5A424C6E3E79}") = "fileuploadstoragepoc", "fileuploadstoragepoc\fileuploadstoragepoc.ccproj", "{FF15B155-39F7-49B8-9B47-450C187FFF42}"
EndProject
Project("{FAE04EC0-301F-11D3-BF4B-00C04F79EFBC}") = "WebRole1", "WebRole1\WebRole1.csproj", "{A0FF392E-1B2A-43A2-9603-2614D4672059}"
EndProject
Project("{FAE04EC0-301F-11D3-BF4B-00C04F79EFBC}") = "WorkerRole", "WorkerRole\WorkerRole.csproj", "{6C6C79F0-5D53-4863-8180-D7935961EC12}"
EndProject
Global
	GlobalSection(SolutionConfigurationPlatforms) = preSolution
		Debug|Any CPU = Debug|Any CPU
		Release|Any CPU = Release|Any CPU
	EndGlobalSection
	GlobalSection(ProjectConfigurationPlatforms) = postSolution
		{FF15B155-39F7-49B8-9B47-450C187FFF42}.Debug|Any CPU.ActiveCfg = Debug|Any CPU
		{FF15B155-39F7-49B8-9B47-450C187FFF42}.Debug|Any CPU.Build.0 = Debug|Any CPU
		{FF15B155-39F7-49B8-9B47-450C187FFF42}.Release|Any CPU.ActiveCfg = Release|Any CPU
		{FF15B155-39F7-49B8-9B47-450C187FFF42}.Release|Any CPU.Build.0 = Release|Any CPU
		{A0FF392E-1B2A-43A2-9603-2614D4672059}.Debug|Any CPU.ActiveCfg = Debug|Any CPU
		{A0FF392E-1B2A-43A2-9603-2614D4672059}.Debug|Any CPU.Build.0 = Debug|Any CPU
		{A0FF392E-1B2A-43A2-9603-2614D4672059}.Release|Any CPU.ActiveCfg = Release|Any CPU
		{A0FF392E-1B2A-43A2-9603-2614D4672059}.Release|Any CPU.Build.0 = Release|Any CPU
		{6C6C79F0-5D53-4863-8180-D7935961EC12}.Debug|Any CPU.ActiveCfg = Debug|Any CPU
		{6C6C79F0-5D53-4863-8180-D7935961EC12}.Debug|Any CPU.Build.0 = Debug|Any CPU
		{6C6C79F0-5D53-4863-8180-D7935961EC12}.Release|Any CPU.ActiveCfg = Release|Any CPU
		{6C6C79F0-5D53-4863-8180-D7935961EC12}.Release|Any CPU.Build.0 = Release|Any CPU
	EndGlobalSection
	GlobalSection(SolutionProperties) = preSolution
		HideSolutionNode = FALSE
	EndGlobalSection
EndGlobal
